
Microsoft Visual Studio Solution File, Format Version 12.00
# Visual Studio Version 17
VisualStudioVersion = 17.5.002.0
MinimumVisualStudioVersion = 10.0.40219.1
Project("{2150E333-8FDC-42A3-9474-1A3956D46DE8}") = "csharp-prep", "csharp-prep", "{34CFB208-F8F0-425E-959A-F64E54A2262F}"
EndProject
Project("{9A19103F-16F7-4668-BE54-9A1E7A4F7556}") = "Prep1", "csharp-prep\Prep1\Prep1.csproj", "{CDFFA4FB-13D2-4C10-8DB2-D46B4C0E143F}"
EndProject
Project("{9A19103F-16F7-4668-BE54-9A1E7A4F7556}") = "Prep2", "csharp-prep\Prep2\Prep2.csproj", "{6E684EC7-6FE8-43BA-BA0A-AD3189E82A9B}"
EndProject
Project("{9A19103F-16F7-4668-BE54-9A1E7A4F7556}") = "Prep3", "csharp-prep\Prep3\Prep3.csproj", "{836E56CE-EB0B-4A9D-AE8B-A5C016F7102C}"
EndProject
Project("{9A19103F-16F7-4668-BE54-9A1E7A4F7556}") = "Prep4", "csharp-prep\Prep4\Prep4.csproj", "{D4D257E6-93F1-4405-AAC3-79922B8C9117}"
EndProject
Project("{9A19103F-16F7-4668-BE54-9A1E7A4F7556}") = "Prep5", "csharp-prep\Prep5\Prep5.csproj", "{8CA08370-BA03-4D42-B014-0F7B7F54F8CF}"
EndProject
Project("{2150E333-8FDC-42A3-9474-1A3956D46DE8}") = "final", "final", "{45549D12-C2AB-45E0-A61B-AF7C07D97208}"
EndProject
Project("{9A19103F-16F7-4668-BE54-9A1E7A4F7556}") = "FinalProject", "final\FinalProject\FinalProject.csproj", "{E38AA697-991B-4924-97F0-8A681ECFCA6C}"
EndProject
Project("{9A19103F-16F7-4668-BE54-9A1E7A4F7556}") = "Foundation1", "final\Foundation1\Foundation1.csproj", "{1ED31288-93B0-4DAA-8351-964334BF923B}"
EndProject
Project("{9A19103F-16F7-4668-BE54-9A1E7A4F7556}") = "Foundation2", "final\Foundation2\Foundation2.csproj", "{B404CBA9-3409-4759-A128-F0D5CF715205}"
EndProject
Project("{9A19103F-16F7-4668-BE54-9A1E7A4F7556}") = "Foundation3", "final\Foundation3\Foundation3.csproj", "{CDAF8F0C-C91B-459E-92C8-CF8B58FDA9FA}"
EndProject
Project("{9A19103F-16F7-4668-BE54-9A1E7A4F7556}") = "Foundation4", "final\Foundation4\Foundation4.csproj", "{6F22ADC1-A8C3-42A8-B0B8-201E12CEC358}"
EndProject
Project("{2150E333-8FDC-42A3-9474-1A3956D46DE8}") = "prepare", "prepare", "{9B0B837C-A518-4B52-80EF-6E91FBE4C1CE}"
EndProject
Project("{9A19103F-16F7-4668-BE54-9A1E7A4F7556}") = "Learning02", "prepare\Learning02\Learning02.csproj", "{B85B153E-3EC4-49B1-B3AD-5D099A7ED376}"
EndProject
Project("{9A19103F-16F7-4668-BE54-9A1E7A4F7556}") = "Learning03", "prepare\Learning03\Learning03.csproj", "{4956F861-275B-4773-AE0C-8688C80DB5A2}"
EndProject
Project("{9A19103F-16F7-4668-BE54-9A1E7A4F7556}") = "Learning04", "prepare\Learning04\Learning04.csproj", "{54CB6EB1-AEC8-4115-8286-A0EFA966C45A}"
EndProject
Project("{9A19103F-16F7-4668-BE54-9A1E7A4F7556}") = "Learning05", "prepare\Learning05\Learning05.csproj", "{999BFB25-ABEB-4E4E-A5C9-4E2EF412687B}"
EndProject
Project("{2150E333-8FDC-42A3-9474-1A3956D46DE8}") = "prove", "prove", "{26017F4F-896D-450C-93D9-9D2ADAB89930}"
EndProject
Project("{9A19103F-16F7-4668-BE54-9A1E7A4F7556}") = "Develop02", "prove\Develop02\Develop02.csproj", "{76D64D27-1C5A-4D4D-ADA2-469DF6933772}"
EndProject
Project("{9A19103F-16F7-4668-BE54-9A1E7A4F7556}") = "Develop03", "prove\Develop03\Develop03.csproj", "{8AB741FA-B9B9-4C34-BAF9-E1DB4005C144}"
EndProject
Project("{9A19103F-16F7-4668-BE54-9A1E7A4F7556}") = "Develop04", "prove\Develop04\Develop04.csproj", "{A2343610-80B4-4AA9-BBF6-D86F6105475C}"
EndProject
Project("{9A19103F-16F7-4668-BE54-9A1E7A4F7556}") = "Develop05", "prove\Develop05\Develop05.csproj", "{BD941FDA-682D-4C2A-A14C-CE9EC04E1C7E}"
EndProject
Project("{2150E333-8FDC-42A3-9474-1A3956D46DE8}") = "sandbox", "sandbox", "{069D277C-2FE6-45FA-9D17-C6276137DA30}"
EndProject
Project("{9A19103F-16F7-4668-BE54-9A1E7A4F7556}") = "Sandbox", "sandbox\Sandbox\Sandbox.csproj", "{72DF488B-308E-4866-89C6-8AEFA76C5B3B}"
EndProject
Global
	GlobalSection(SolutionConfigurationPlatforms) = preSolution
		Debug|Any CPU = Debug|Any CPU
		Release|Any CPU = Release|Any CPU
	EndGlobalSection
	GlobalSection(ProjectConfigurationPlatforms) = postSolution
		{CDFFA4FB-13D2-4C10-8DB2-D46B4C0E143F}.Debug|Any CPU.ActiveCfg = Debug|Any CPU
		{CDFFA4FB-13D2-4C10-8DB2-D46B4C0E143F}.Debug|Any CPU.Build.0 = Debug|Any CPU
		{CDFFA4FB-13D2-4C10-8DB2-D46B4C0E143F}.Release|Any CPU.ActiveCfg = Release|Any CPU
		{CDFFA4FB-13D2-4C10-8DB2-D46B4C0E143F}.Release|Any CPU.Build.0 = Release|Any CPU
		{6E684EC7-6FE8-43BA-BA0A-AD3189E82A9B}.Debug|Any CPU.ActiveCfg = Debug|Any CPU
		{6E684EC7-6FE8-43BA-BA0A-AD3189E82A9B}.Debug|Any CPU.Build.0 = Debug|Any CPU
		{6E684EC7-6FE8-43BA-BA0A-AD3189E82A9B}.Release|Any CPU.ActiveCfg = Release|Any CPU
		{6E684EC7-6FE8-43BA-BA0A-AD3189E82A9B}.Release|Any CPU.Build.0 = Release|Any CPU
		{836E56CE-EB0B-4A9D-AE8B-A5C016F7102C}.Debug|Any CPU.ActiveCfg = Debug|Any CPU
		{836E56CE-EB0B-4A9D-AE8B-A5C016F7102C}.Debug|Any CPU.Build.0 = Debug|Any CPU
		{836E56CE-EB0B-4A9D-AE8B-A5C016F7102C}.Release|Any CPU.ActiveCfg = Release|Any CPU
		{836E56CE-EB0B-4A9D-AE8B-A5C016F7102C}.Release|Any CPU.Build.0 = Release|Any CPU
		{D4D257E6-93F1-4405-AAC3-79922B8C9117}.Debug|Any CPU.ActiveCfg = Debug|Any CPU
		{D4D257E6-93F1-4405-AAC3-79922B8C9117}.Debug|Any CPU.Build.0 = Debug|Any CPU
		{D4D257E6-93F1-4405-AAC3-79922B8C9117}.Release|Any CPU.ActiveCfg = Release|Any CPU
		{D4D257E6-93F1-4405-AAC3-79922B8C9117}.Release|Any CPU.Build.0 = Release|Any CPU
		{8CA08370-BA03-4D42-B014-0F7B7F54F8CF}.Debug|Any CPU.ActiveCfg = Debug|Any CPU
		{8CA08370-BA03-4D42-B014-0F7B7F54F8CF}.Debug|Any CPU.Build.0 = Debug|Any CPU
		{8CA08370-BA03-4D42-B014-0F7B7F54F8CF}.Release|Any CPU.ActiveCfg = Release|Any CPU
		{8CA08370-BA03-4D42-B014-0F7B7F54F8CF}.Release|Any CPU.Build.0 = Release|Any CPU
		{E38AA697-991B-4924-97F0-8A681ECFCA6C}.Debug|Any CPU.ActiveCfg = Debug|Any CPU
		{E38AA697-991B-4924-97F0-8A681ECFCA6C}.Debug|Any CPU.Build.0 = Debug|Any CPU
		{E38AA697-991B-4924-97F0-8A681ECFCA6C}.Release|Any CPU.ActiveCfg = Release|Any CPU
		{E38AA697-991B-4924-97F0-8A681ECFCA6C}.Release|Any CPU.Build.0 = Release|Any CPU
		{1ED31288-93B0-4DAA-8351-964334BF923B}.Debug|Any CPU.ActiveCfg = Debug|Any CPU
		{1ED31288-93B0-4DAA-8351-964334BF923B}.Debug|Any CPU.Build.0 = Debug|Any CPU
		{1ED31288-93B0-4DAA-8351-964334BF923B}.Release|Any CPU.ActiveCfg = Release|Any CPU
		{1ED31288-93B0-4DAA-8351-964334BF923B}.Release|Any CPU.Build.0 = Release|Any CPU
		{B404CBA9-3409-4759-A128-F0D5CF715205}.Debug|Any CPU.ActiveCfg = Debug|Any CPU
		{B404CBA9-3409-4759-A128-F0D5CF715205}.Debug|Any CPU.Build.0 = Debug|Any CPU
		{B404CBA9-3409-4759-A128-F0D5CF715205}.Release|Any CPU.ActiveCfg = Release|Any CPU
		{B404CBA9-3409-4759-A128-F0D5CF715205}.Release|Any CPU.Build.0 = Release|Any CPU
		{CDAF8F0C-C91B-459E-92C8-CF8B58FDA9FA}.Debug|Any CPU.ActiveCfg = Debug|Any CPU
		{CDAF8F0C-C91B-459E-92C8-CF8B58FDA9FA}.Debug|Any CPU.Build.0 = Debug|Any CPU
		{CDAF8F0C-C91B-459E-92C8-CF8B58FDA9FA}.Release|Any CPU.ActiveCfg = Release|Any CPU
		{CDAF8F0C-C91B-459E-92C8-CF8B58FDA9FA}.Release|Any CPU.Build.0 = Release|Any CPU
		{6F22ADC1-A8C3-42A8-B0B8-201E12CEC358}.Debug|Any CPU.ActiveCfg = Debug|Any CPU
		{6F22ADC1-A8C3-42A8-B0B8-201E12CEC358}.Debug|Any CPU.Build.0 = Debug|Any CPU
		{6F22ADC1-A8C3-42A8-B0B8-201E12CEC358}.Release|Any CPU.ActiveCfg = Release|Any CPU
		{6F22ADC1-A8C3-42A8-B0B8-201E12CEC358}.Release|Any CPU.Build.0 = Release|Any CPU
		{B85B153E-3EC4-49B1-B3AD-5D099A7ED376}.Debug|Any CPU.ActiveCfg = Debug|Any CPU
		{B85B153E-3EC4-49B1-B3AD-5D099A7ED376}.Debug|Any CPU.Build.0 = Debug|Any CPU
		{B85B153E-3EC4-49B1-B3AD-5D099A7ED376}.Release|Any CPU.ActiveCfg = Release|Any CPU
		{B85B153E-3EC4-49B1-B3AD-5D099A7ED376}.Release|Any CPU.Build.0 = Release|Any CPU
		{4956F861-275B-4773-AE0C-8688C80DB5A2}.Debug|Any CPU.ActiveCfg = Debug|Any CPU
		{4956F861-275B-4773-AE0C-8688C80DB5A2}.Debug|Any CPU.Build.0 = Debug|Any CPU
		{4956F861-275B-4773-AE0C-8688C80DB5A2}.Release|Any CPU.ActiveCfg = Release|Any CPU
		{4956F861-275B-4773-AE0C-8688C80DB5A2}.Release|Any CPU.Build.0 = Release|Any CPU
		{54CB6EB1-AEC8-4115-8286-A0EFA966C45A}.Debug|Any CPU.ActiveCfg = Debug|Any CPU
		{54CB6EB1-AEC8-4115-8286-A0EFA966C45A}.Debug|Any CPU.Build.0 = Debug|Any CPU
		{54CB6EB1-AEC8-4115-8286-A0EFA966C45A}.Release|Any CPU.ActiveCfg = Release|Any CPU
		{54CB6EB1-AEC8-4115-8286-A0EFA966C45A}.Release|Any CPU.Build.0 = Release|Any CPU
		{999BFB25-ABEB-4E4E-A5C9-4E2EF412687B}.Debug|Any CPU.ActiveCfg = Debug|Any CPU
		{999BFB25-ABEB-4E4E-A5C9-4E2EF412687B}.Debug|Any CPU.Build.0 = Debug|Any CPU
		{999BFB25-ABEB-4E4E-A5C9-4E2EF412687B}.Release|Any CPU.ActiveCfg = Release|Any CPU
		{999BFB25-ABEB-4E4E-A5C9-4E2EF412687B}.Release|Any CPU.Build.0 = Release|Any CPU
		{76D64D27-1C5A-4D4D-ADA2-469DF6933772}.Debug|Any CPU.ActiveCfg = Debug|Any CPU
		{76D64D27-1C5A-4D4D-ADA2-469DF6933772}.Debug|Any CPU.Build.0 = Debug|Any CPU
		{76D64D27-1C5A-4D4D-ADA2-469DF6933772}.Release|Any CPU.ActiveCfg = Release|Any CPU
		{76D64D27-1C5A-4D4D-ADA2-469DF6933772}.Release|Any CPU.Build.0 = Release|Any CPU
		{8AB741FA-B9B9-4C34-BAF9-E1DB4005C144}.Debug|Any CPU.ActiveCfg = Debug|Any CPU
		{8AB741FA-B9B9-4C34-BAF9-E1DB4005C144}.Debug|Any CPU.Build.0 = Debug|Any CPU
		{8AB741FA-B9B9-4C34-BAF9-E1DB4005C144}.Release|Any CPU.ActiveCfg = Release|Any CPU
		{8AB741FA-B9B9-4C34-BAF9-E1DB4005C144}.Release|Any CPU.Build.0 = Release|Any CPU
		{A2343610-80B4-4AA9-BBF6-D86F6105475C}.Debug|Any CPU.ActiveCfg = Debug|Any CPU
		{A2343610-80B4-4AA9-BBF6-D86F6105475C}.Debug|Any CPU.Build.0 = Debug|Any CPU
		{A2343610-80B4-4AA9-BBF6-D86F6105475C}.Release|Any CPU.ActiveCfg = Release|Any CPU
		{A2343610-80B4-4AA9-BBF6-D86F6105475C}.Release|Any CPU.Build.0 = Release|Any CPU
		{BD941FDA-682D-4C2A-A14C-CE9EC04E1C7E}.Debug|Any CPU.ActiveCfg = Debug|Any CPU
		{BD941FDA-682D-4C2A-A14C-CE9EC04E1C7E}.Debug|Any CPU.Build.0 = Debug|Any CPU
		{BD941FDA-682D-4C2A-A14C-CE9EC04E1C7E}.Release|Any CPU.ActiveCfg = Release|Any CPU
		{BD941FDA-682D-4C2A-A14C-CE9EC04E1C7E}.Release|Any CPU.Build.0 = Release|Any CPU
		{72DF488B-308E-4866-89C6-8AEFA76C5B3B}.Debug|Any CPU.ActiveCfg = Debug|Any CPU
		{72DF488B-308E-4866-89C6-8AEFA76C5B3B}.Debug|Any CPU.Build.0 = Debug|Any CPU
		{72DF488B-308E-4866-89C6-8AEFA76C5B3B}.Release|Any CPU.ActiveCfg = Release|Any CPU
		{72DF488B-308E-4866-89C6-8AEFA76C5B3B}.Release|Any CPU.Build.0 = Release|Any CPU
	EndGlobalSection
	GlobalSection(SolutionProperties) = preSolution
		HideSolutionNode = FALSE
	EndGlobalSection
	GlobalSection(NestedProjects) = preSolution
		{CDFFA4FB-13D2-4C10-8DB2-D46B4C0E143F} = {34CFB208-F8F0-425E-959A-F64E54A2262F}
		{6E684EC7-6FE8-43BA-BA0A-AD3189E82A9B} = {34CFB208-F8F0-425E-959A-F64E54A2262F}
		{836E56CE-EB0B-4A9D-AE8B-A5C016F7102C} = {34CFB208-F8F0-425E-959A-F64E54A2262F}
		{D4D257E6-93F1-4405-AAC3-79922B8C9117} = {34CFB208-F8F0-425E-959A-F64E54A2262F}
		{8CA08370-BA03-4D42-B014-0F7B7F54F8CF} = {34CFB208-F8F0-425E-959A-F64E54A2262F}
		{E38AA697-991B-4924-97F0-8A681ECFCA6C} = {45549D12-C2AB-45E0-A61B-AF7C07D97208}
		{1ED31288-93B0-4DAA-8351-964334BF923B} = {45549D12-C2AB-45E0-A61B-AF7C07D97208}
		{B404CBA9-3409-4759-A128-F0D5CF715205} = {45549D12-C2AB-45E0-A61B-AF7C07D97208}
		{CDAF8F0C-C91B-459E-92C8-CF8B58FDA9FA} = {45549D12-C2AB-45E0-A61B-AF7C07D97208}
		{6F22ADC1-A8C3-42A8-B0B8-201E12CEC358} = {45549D12-C2AB-45E0-A61B-AF7C07D97208}
		{B85B153E-3EC4-49B1-B3AD-5D099A7ED376} = {9B0B837C-A518-4B52-80EF-6E91FBE4C1CE}
		{4956F861-275B-4773-AE0C-8688C80DB5A2} = {9B0B837C-A518-4B52-80EF-6E91FBE4C1CE}
		{54CB6EB1-AEC8-4115-8286-A0EFA966C45A} = {9B0B837C-A518-4B52-80EF-6E91FBE4C1CE}
		{999BFB25-ABEB-4E4E-A5C9-4E2EF412687B} = {9B0B837C-A518-4B52-80EF-6E91FBE4C1CE}
		{76D64D27-1C5A-4D4D-ADA2-469DF6933772} = {26017F4F-896D-450C-93D9-9D2ADAB89930}
		{8AB741FA-B9B9-4C34-BAF9-E1DB4005C144} = {26017F4F-896D-450C-93D9-9D2ADAB89930}
		{A2343610-80B4-4AA9-BBF6-D86F6105475C} = {26017F4F-896D-450C-93D9-9D2ADAB89930}
		{BD941FDA-682D-4C2A-A14C-CE9EC04E1C7E} = {26017F4F-896D-450C-93D9-9D2ADAB89930}
		{72DF488B-308E-4866-89C6-8AEFA76C5B3B} = {069D277C-2FE6-45FA-9D17-C6276137DA30}
	EndGlobalSection
	GlobalSection(ExtensibilityGlobals) = postSolution
		SolutionGuid = {2A634194-FF82-435F-85F5-0A4A2BD801E3}
	EndGlobalSection
EndGlobal
